{
  "name": "grading_system_frontend",
  "version": "1.0.0",
  "lockfileVersion": 3,
  "requires": true,
  "packages": {
    "": {
      "name": "grading_system_frontend",
      "version": "1.0.0",
      "license": "ISC",
      "dependencies": {
        "grading_system_frontend": "file:"
      }
    },
    "node_modules/grading_system_frontend": {
      "resolved": "",
      "link": true
    }
  }
}
